// !$*UTF8*$!
{
	archiveVersion = 1;
	classes = {
	};
	objectVersion = 55;
	objects = {

/* Begin PBXBuildFile section */
		470BED37554CDC3B2D493035 /* Pods_MyXWorkout.framework in Frameworks */ = {isa = PBXBuildFile; fileRef = 9449CBDCEC23293A7E829241 /* Pods_MyXWorkout.framework */; };
		52DC2E5F289E2AE200DADFAE /* AppDelegate.swift in Sources */ = {isa = PBXBuildFile; fileRef = 52DC2E5E289E2AE200DADFAE /* AppDelegate.swift */; };
		52DC2E61289E2AE200DADFAE /* SceneDelegate.swift in Sources */ = {isa = PBXBuildFile; fileRef = 52DC2E60289E2AE200DADFAE /* SceneDelegate.swift */; };
		52DC2E66289E2AE200DADFAE /* Main.storyboard in Resources */ = {isa = PBXBuildFile; fileRef = 52DC2E64289E2AE200DADFAE /* Main.storyboard */; };
		52DC2E68289E2AE300DADFAE /* Assets.xcassets in Resources */ = {isa = PBXBuildFile; fileRef = 52DC2E67289E2AE300DADFAE /* Assets.xcassets */; };
		52DC2E6B289E2AE300DADFAE /* LaunchScreen.storyboard in Resources */ = {isa = PBXBuildFile; fileRef = 52DC2E69289E2AE300DADFAE /* LaunchScreen.storyboard */; };
		52DC2E76289E2B9E00DADFAE /* MainVC.swift in Sources */ = {isa = PBXBuildFile; fileRef = 52DC2E75289E2B9E00DADFAE /* MainVC.swift */; };
		52DC2E7E289EBA5400DADFAE /* CalendarView.swift in Sources */ = {isa = PBXBuildFile; fileRef = 52DC2E7D289EBA5400DADFAE /* CalendarView.swift */; };
		52DC2E80289F9A0300DADFAE /* Ext + UIFont.swift in Sources */ = {isa = PBXBuildFile; fileRef = 52DC2E7F289F9A0300DADFAE /* Ext + UIFont.swift */; };
		52DC2E82289F9DC500DADFAE /* WeatherView.swift in Sources */ = {isa = PBXBuildFile; fileRef = 52DC2E81289F9DC500DADFAE /* WeatherView.swift */; };
		52DC2E84289FBE2E00DADFAE /* Ext + UIColor.swift in Sources */ = {isa = PBXBuildFile; fileRef = 52DC2E83289FBE2E00DADFAE /* Ext + UIColor.swift */; };
		52DC2E86289FBE5A00DADFAE /* Ext + UIView.swift in Sources */ = {isa = PBXBuildFile; fileRef = 52DC2E85289FBE5A00DADFAE /* Ext + UIView.swift */; };
		52DC2E88289FBE8C00DADFAE /* Ext + UIStackView.swift in Sources */ = {isa = PBXBuildFile; fileRef = 52DC2E87289FBE8C00DADFAE /* Ext + UIStackView.swift */; };
		52DC2E8A289FBEB100DADFAE /* Ext + UILabel.swift in Sources */ = {isa = PBXBuildFile; fileRef = 52DC2E89289FBEB100DADFAE /* Ext + UILabel.swift */; };
		52DC2E8D289FC3C000DADFAE /* CalendarCVC.swift in Sources */ = {isa = PBXBuildFile; fileRef = 52DC2E8C289FC3C000DADFAE /* CalendarCVC.swift */; };
		52DC2E8F289FC8A400DADFAE /* WorkoutTVC.swift in Sources */ = {isa = PBXBuildFile; fileRef = 52DC2E8E289FC8A400DADFAE /* WorkoutTVC.swift */; };
		52DC2E91289FCDBE00DADFAE /* StatisticVC.swift in Sources */ = {isa = PBXBuildFile; fileRef = 52DC2E90289FCDBE00DADFAE /* StatisticVC.swift */; };
		52DC2E94289FCEF400DADFAE /* StatisticTVC.swift in Sources */ = {isa = PBXBuildFile; fileRef = 52DC2E93289FCEF400DADFAE /* StatisticTVC.swift */; };
		52DC2E9628A0033F00DADFAE /* MainTabBarController.swift in Sources */ = {isa = PBXBuildFile; fileRef = 52DC2E9528A0033F00DADFAE /* MainTabBarController.swift */; };
		52DC2E9828A0039600DADFAE /* ProfilVC.swift in Sources */ = {isa = PBXBuildFile; fileRef = 52DC2E9728A0039600DADFAE /* ProfilVC.swift */; };
		52DC2E9C28A005AC00DADFAE /* ProfileCVC.swift in Sources */ = {isa = PBXBuildFile; fileRef = 52DC2E9B28A005AC00DADFAE /* ProfileCVC.swift */; };
		52DC2E9E28A00CDD00DADFAE /* NewWorkoutVC.swift in Sources */ = {isa = PBXBuildFile; fileRef = 52DC2E9D28A00CDC00DADFAE /* NewWorkoutVC.swift */; };
		52DC2EA128A00E1700DADFAE /* DateAndRepeatView.swift in Sources */ = {isa = PBXBuildFile; fileRef = 52DC2EA028A00E1700DADFAE /* DateAndRepeatView.swift */; };
		52DC2EA328A00E3D00DADFAE /* RepsOrTimerView.swift in Sources */ = {isa = PBXBuildFile; fileRef = 52DC2EA228A00E3D00DADFAE /* RepsOrTimerView.swift */; };
		52DC2EA528A015DB00DADFAE /* ViewController.swift in Sources */ = {isa = PBXBuildFile; fileRef = 52DC2EA428A015DA00DADFAE /* ViewController.swift */; };
		52DC2EA728A114AD00DADFAE /* WorkoutModel.swift in Sources */ = {isa = PBXBuildFile; fileRef = 52DC2EA628A114AD00DADFAE /* WorkoutModel.swift */; };
		52DC2EAA28A1167300DADFAE /* RealmManager.swift in Sources */ = {isa = PBXBuildFile; fileRef = 52DC2EA928A1167300DADFAE /* RealmManager.swift */; };
		52DC2EAC28A1271500DADFAE /* Ext + Date.swift in Sources */ = {isa = PBXBuildFile; fileRef = 52DC2EAB28A1271500DADFAE /* Ext + Date.swift */; };
/* End PBXBuildFile section */

/* Begin PBXFileReference section */
		52DC2E5B289E2AE200DADFAE /* MyXWorkout.app */ = {isa = PBXFileReference; explicitFileType = wrapper.application; includeInIndex = 0; path = MyXWorkout.app; sourceTree = BUILT_PRODUCTS_DIR; };
		52DC2E5E289E2AE200DADFAE /* AppDelegate.swift */ = {isa = PBXFileReference; lastKnownFileType = sourcecode.swift; path = AppDelegate.swift; sourceTree = "<group>"; };
		52DC2E60289E2AE200DADFAE /* SceneDelegate.swift */ = {isa = PBXFileReference; lastKnownFileType = sourcecode.swift; path = SceneDelegate.swift; sourceTree = "<group>"; };
		52DC2E65289E2AE200DADFAE /* Base */ = {isa = PBXFileReference; lastKnownFileType = file.storyboard; name = Base; path = Base.lproj/Main.storyboard; sourceTree = "<group>"; };
		52DC2E67289E2AE300DADFAE /* Assets.xcassets */ = {isa = PBXFileReference; lastKnownFileType = folder.assetcatalog; path = Assets.xcassets; sourceTree = "<group>"; };
		52DC2E6A289E2AE300DADFAE /* Base */ = {isa = PBXFileReference; lastKnownFileType = file.storyboard; name = Base; path = Base.lproj/LaunchScreen.storyboard; sourceTree = "<group>"; };
		52DC2E6C289E2AE300DADFAE /* Info.plist */ = {isa = PBXFileReference; lastKnownFileType = text.plist.xml; path = Info.plist; sourceTree = "<group>"; };
		52DC2E75289E2B9E00DADFAE /* MainVC.swift */ = {isa = PBXFileReference; lastKnownFileType = sourcecode.swift; path = MainVC.swift; sourceTree = "<group>"; };
		52DC2E7D289EBA5400DADFAE /* CalendarView.swift */ = {isa = PBXFileReference; lastKnownFileType = sourcecode.swift; path = CalendarView.swift; sourceTree = "<group>"; };
		52DC2E7F289F9A0300DADFAE /* Ext + UIFont.swift */ = {isa = PBXFileReference; lastKnownFileType = sourcecode.swift; path = "Ext + UIFont.swift"; sourceTree = "<group>"; };
		52DC2E81289F9DC500DADFAE /* WeatherView.swift */ = {isa = PBXFileReference; lastKnownFileType = sourcecode.swift; path = WeatherView.swift; sourceTree = "<group>"; };
		52DC2E83289FBE2E00DADFAE /* Ext + UIColor.swift */ = {isa = PBXFileReference; lastKnownFileType = sourcecode.swift; path = "Ext + UIColor.swift"; sourceTree = "<group>"; };
		52DC2E85289FBE5A00DADFAE /* Ext + UIView.swift */ = {isa = PBXFileReference; lastKnownFileType = sourcecode.swift; path = "Ext + UIView.swift"; sourceTree = "<group>"; };
		52DC2E87289FBE8C00DADFAE /* Ext + UIStackView.swift */ = {isa = PBXFileReference; lastKnownFileType = sourcecode.swift; path = "Ext + UIStackView.swift"; sourceTree = "<group>"; };
		52DC2E89289FBEB100DADFAE /* Ext + UILabel.swift */ = {isa = PBXFileReference; lastKnownFileType = sourcecode.swift; path = "Ext + UILabel.swift"; sourceTree = "<group>"; };
		52DC2E8C289FC3C000DADFAE /* CalendarCVC.swift */ = {isa = PBXFileReference; lastKnownFileType = sourcecode.swift; path = CalendarCVC.swift; sourceTree = "<group>"; };
		52DC2E8E289FC8A400DADFAE /* WorkoutTVC.swift */ = {isa = PBXFileReference; lastKnownFileType = sourcecode.swift; path = WorkoutTVC.swift; sourceTree = "<group>"; };
		52DC2E90289FCDBE00DADFAE /* StatisticVC.swift */ = {isa = PBXFileReference; lastKnownFileType = sourcecode.swift; path = StatisticVC.swift; sourceTree = "<group>"; };
		52DC2E93289FCEF400DADFAE /* StatisticTVC.swift */ = {isa = PBXFileReference; lastKnownFileType = sourcecode.swift; path = StatisticTVC.swift; sourceTree = "<group>"; };
		52DC2E9528A0033F00DADFAE /* MainTabBarController.swift */ = {isa = PBXFileReference; lastKnownFileType = sourcecode.swift; path = MainTabBarController.swift; sourceTree = "<group>"; };
		52DC2E9728A0039600DADFAE /* ProfilVC.swift */ = {isa = PBXFileReference; lastKnownFileType = sourcecode.swift; path = ProfilVC.swift; sourceTree = "<group>"; };
		52DC2E9B28A005AC00DADFAE /* ProfileCVC.swift */ = {isa = PBXFileReference; lastKnownFileType = sourcecode.swift; path = ProfileCVC.swift; sourceTree = "<group>"; };
		52DC2E9D28A00CDC00DADFAE /* NewWorkoutVC.swift */ = {isa = PBXFileReference; lastKnownFileType = sourcecode.swift; path = NewWorkoutVC.swift; sourceTree = "<group>"; };
		52DC2EA028A00E1700DADFAE /* DateAndRepeatView.swift */ = {isa = PBXFileReference; lastKnownFileType = sourcecode.swift; path = DateAndRepeatView.swift; sourceTree = "<group>"; };
		52DC2EA228A00E3D00DADFAE /* RepsOrTimerView.swift */ = {isa = PBXFileReference; lastKnownFileType = sourcecode.swift; path = RepsOrTimerView.swift; sourceTree = "<group>"; };
		52DC2EA428A015DA00DADFAE /* ViewController.swift */ = {isa = PBXFileReference; fileEncoding = 4; lastKnownFileType = sourcecode.swift; path = ViewController.swift; sourceTree = "<group>"; };
		52DC2EA628A114AD00DADFAE /* WorkoutModel.swift */ = {isa = PBXFileReference; lastKnownFileType = sourcecode.swift; path = WorkoutModel.swift; sourceTree = "<group>"; };
		52DC2EA928A1167300DADFAE /* RealmManager.swift */ = {isa = PBXFileReference; lastKnownFileType = sourcecode.swift; path = RealmManager.swift; sourceTree = "<group>"; };
		52DC2EAB28A1271500DADFAE /* Ext + Date.swift */ = {isa = PBXFileReference; lastKnownFileType = sourcecode.swift; path = "Ext + Date.swift"; sourceTree = "<group>"; };
		543FEBFF3FB2087CB5F31442 /* Pods-MyXWorkout.release.xcconfig */ = {isa = PBXFileReference; includeInIndex = 1; lastKnownFileType = text.xcconfig; name = "Pods-MyXWorkout.release.xcconfig"; path = "Target Support Files/Pods-MyXWorkout/Pods-MyXWorkout.release.xcconfig"; sourceTree = "<group>"; };
		9449CBDCEC23293A7E829241 /* Pods_MyXWorkout.framework */ = {isa = PBXFileReference; explicitFileType = wrapper.framework; includeInIndex = 0; path = Pods_MyXWorkout.framework; sourceTree = BUILT_PRODUCTS_DIR; };
		9E8FD0861317A8F6B5B276EE /* Pods-MyXWorkout.debug.xcconfig */ = {isa = PBXFileReference; includeInIndex = 1; lastKnownFileType = text.xcconfig; name = "Pods-MyXWorkout.debug.xcconfig"; path = "Target Support Files/Pods-MyXWorkout/Pods-MyXWorkout.debug.xcconfig"; sourceTree = "<group>"; };
/* End PBXFileReference section */

/* Begin PBXFrameworksBuildPhase section */
		52DC2E58289E2AE200DADFAE /* Frameworks */ = {
			isa = PBXFrameworksBuildPhase;
			buildActionMask = 2147483647;
			files = (
				470BED37554CDC3B2D493035 /* Pods_MyXWorkout.framework in Frameworks */,
			);
			runOnlyForDeploymentPostprocessing = 0;
		};
/* End PBXFrameworksBuildPhase section */

/* Begin PBXGroup section */
		52DC2E52289E2AE100DADFAE = {
			isa = PBXGroup;
			children = (
				52DC2E5D289E2AE200DADFAE /* MyXWorkout */,
				52DC2E5C289E2AE200DADFAE /* Products */,
				5FC73D4065DFA3F37EA95E41 /* Pods */,
				C74382407F1F97E6457CB931 /* Frameworks */,
			);
			sourceTree = "<group>";
		};
		52DC2E5C289E2AE200DADFAE /* Products */ = {
			isa = PBXGroup;
			children = (
				52DC2E5B289E2AE200DADFAE /* MyXWorkout.app */,
			);
			name = Products;
			sourceTree = "<group>";
		};
		52DC2E5D289E2AE200DADFAE /* MyXWorkout */ = {
			isa = PBXGroup;
			children = (
				52DC2E5E289E2AE200DADFAE /* AppDelegate.swift */,
				52DC2E60289E2AE200DADFAE /* SceneDelegate.swift */,
				52DC2E77289EA29800DADFAE /* Resorces */,
				52DC2E74289E2B7000DADFAE /* Model */,
				52DC2E73289E2B6600DADFAE /* Views */,
				52DC2E72289E2B5D00DADFAE /* Controller */,
				52DC2EA828A1165000DADFAE /* Services */,
				52DC2E67289E2AE300DADFAE /* Assets.xcassets */,
				52DC2E69289E2AE300DADFAE /* LaunchScreen.storyboard */,
				52DC2E64289E2AE200DADFAE /* Main.storyboard */,
				52DC2EA428A015DA00DADFAE /* ViewController.swift */,
				52DC2E6C289E2AE300DADFAE /* Info.plist */,
			);
			path = MyXWorkout;
			sourceTree = "<group>";
		};
		52DC2E72289E2B5D00DADFAE /* Controller */ = {
			isa = PBXGroup;
			children = (
				52DC2E9528A0033F00DADFAE /* MainTabBarController.swift */,
				52DC2E75289E2B9E00DADFAE /* MainVC.swift */,
				52DC2E9D28A00CDC00DADFAE /* NewWorkoutVC.swift */,
				52DC2E90289FCDBE00DADFAE /* StatisticVC.swift */,
				52DC2E9728A0039600DADFAE /* ProfilVC.swift */,
			);
			path = Controller;
			sourceTree = "<group>";
		};
		52DC2E73289E2B6600DADFAE /* Views */ = {
			isa = PBXGroup;
			children = (
				52DC2E9F28A00DEF00DADFAE /* NewWorkoutVC */,
				52DC2E9928A0058900DADFAE /* ProfileVC */,
				52DC2E92289FCED400DADFAE /* StatisticVC */,
				52DC2E7C289EBA3300DADFAE /* MainVC */,
			);
			path = Views;
			sourceTree = "<group>";
		};
		52DC2E74289E2B7000DADFAE /* Model */ = {
			isa = PBXGroup;
			children = (
				52DC2EA628A114AD00DADFAE /* WorkoutModel.swift */,
			);
			path = Model;
			sourceTree = "<group>";
		};
		52DC2E77289EA29800DADFAE /* Resorces */ = {
			isa = PBXGroup;
			children = (
				52DC2E7B289EADD500DADFAE /* Font */,
				52DC2E78289EA2AE00DADFAE /* Ext + UIKit */,
			);
			path = Resorces;
			sourceTree = "<group>";
		};
		52DC2E78289EA2AE00DADFAE /* Ext + UIKit */ = {
			isa = PBXGroup;
			children = (
				52DC2E83289FBE2E00DADFAE /* Ext + UIColor.swift */,
				52DC2E85289FBE5A00DADFAE /* Ext + UIView.swift */,
				52DC2E87289FBE8C00DADFAE /* Ext + UIStackView.swift */,
				52DC2E89289FBEB100DADFAE /* Ext + UILabel.swift */,
				52DC2EAB28A1271500DADFAE /* Ext + Date.swift */,
			);
			path = "Ext + UIKit";
			sourceTree = "<group>";
		};
		52DC2E7B289EADD500DADFAE /* Font */ = {
			isa = PBXGroup;
			children = (
				52DC2E7F289F9A0300DADFAE /* Ext + UIFont.swift */,
			);
			path = Font;
			sourceTree = "<group>";
		};
		52DC2E7C289EBA3300DADFAE /* MainVC */ = {
			isa = PBXGroup;
			children = (
				52DC2E8B289FC39D00DADFAE /* Cells */,
				52DC2E7D289EBA5400DADFAE /* CalendarView.swift */,
				52DC2E81289F9DC500DADFAE /* WeatherView.swift */,
			);
			path = MainVC;
			sourceTree = "<group>";
		};
		52DC2E8B289FC39D00DADFAE /* Cells */ = {
			isa = PBXGroup;
			children = (
				52DC2E8C289FC3C000DADFAE /* CalendarCVC.swift */,
				52DC2E8E289FC8A400DADFAE /* WorkoutTVC.swift */,
			);
			path = Cells;
			sourceTree = "<group>";
		};
		52DC2E92289FCED400DADFAE /* StatisticVC */ = {
			isa = PBXGroup;
			children = (
				52DC2E93289FCEF400DADFAE /* StatisticTVC.swift */,
			);
			path = StatisticVC;
			sourceTree = "<group>";
		};
		52DC2E9928A0058900DADFAE /* ProfileVC */ = {
			isa = PBXGroup;
			children = (
				52DC2E9A28A0059C00DADFAE /* Cells */,
			);
			path = ProfileVC;
			sourceTree = "<group>";
		};
		52DC2E9A28A0059C00DADFAE /* Cells */ = {
			isa = PBXGroup;
			children = (
				52DC2E9B28A005AC00DADFAE /* ProfileCVC.swift */,
			);
			path = Cells;
			sourceTree = "<group>";
		};
		52DC2E9F28A00DEF00DADFAE /* NewWorkoutVC */ = {
			isa = PBXGroup;
			children = (
				52DC2EA028A00E1700DADFAE /* DateAndRepeatView.swift */,
				52DC2EA228A00E3D00DADFAE /* RepsOrTimerView.swift */,
			);
			path = NewWorkoutVC;
			sourceTree = "<group>";
		};
		52DC2EA828A1165000DADFAE /* Services */ = {
			isa = PBXGroup;
			children = (
				52DC2EA928A1167300DADFAE /* RealmManager.swift */,
			);
			path = Services;
			sourceTree = "<group>";
		};
		5FC73D4065DFA3F37EA95E41 /* Pods */ = {
			isa = PBXGroup;
			children = (
				9E8FD0861317A8F6B5B276EE /* Pods-MyXWorkout.debug.xcconfig */,
				543FEBFF3FB2087CB5F31442 /* Pods-MyXWorkout.release.xcconfig */,
			);
			path = Pods;
			sourceTree = "<group>";
		};
		C74382407F1F97E6457CB931 /* Frameworks */ = {
			isa = PBXGroup;
			children = (
				9449CBDCEC23293A7E829241 /* Pods_MyXWorkout.framework */,
			);
			name = Frameworks;
			sourceTree = "<group>";
		};
/* End PBXGroup section */

/* Begin PBXNativeTarget section */
		52DC2E5A289E2AE200DADFAE /* MyXWorkout */ = {
			isa = PBXNativeTarget;
			buildConfigurationList = 52DC2E6F289E2AE400DADFAE /* Build configuration list for PBXNativeTarget "MyXWorkout" */;
			buildPhases = (
				35F1B90EAFDAED006F4AADB7 /* [CP] Check Pods Manifest.lock */,
				52DC2E57289E2AE200DADFAE /* Sources */,
				52DC2E58289E2AE200DADFAE /* Frameworks */,
				52DC2E59289E2AE200DADFAE /* Resources */,
				822ACE45C3465F2986E8AB6C /* [CP] Embed Pods Frameworks */,
			);
			buildRules = (
			);
			dependencies = (
			);
			name = MyXWorkout;
			productName = MyXWorkout;
			productReference = 52DC2E5B289E2AE200DADFAE /* MyXWorkout.app */;
			productType = "com.apple.product-type.application";
		};
/* End PBXNativeTarget section */

/* Begin PBXProject section */
		52DC2E53289E2AE100DADFAE /* Project object */ = {
			isa = PBXProject;
			attributes = {
				BuildIndependentTargetsInParallel = 1;
				LastSwiftUpdateCheck = 1310;
				LastUpgradeCheck = 1310;
				TargetAttributes = {
					52DC2E5A289E2AE200DADFAE = {
						CreatedOnToolsVersion = 13.1;
					};
				};
			};
			buildConfigurationList = 52DC2E56289E2AE100DADFAE /* Build configuration list for PBXProject "MyXWorkout" */;
			compatibilityVersion = "Xcode 13.0";
			developmentRegion = en;
			hasScannedForEncodings = 0;
			knownRegions = (
				en,
				Base,
			);
			mainGroup = 52DC2E52289E2AE100DADFAE;
			productRefGroup = 52DC2E5C289E2AE200DADFAE /* Products */;
			projectDirPath = "";
			projectRoot = "";
			targets = (
				52DC2E5A289E2AE200DADFAE /* MyXWorkout */,
			);
		};
/* End PBXProject section */

/* Begin PBXResourcesBuildPhase section */
		52DC2E59289E2AE200DADFAE /* Resources */ = {
			isa = PBXResourcesBuildPhase;
			buildActionMask = 2147483647;
			files = (
				52DC2E6B289E2AE300DADFAE /* LaunchScreen.storyboard in Resources */,
				52DC2E68289E2AE300DADFAE /* Assets.xcassets in Resources */,
				52DC2E66289E2AE200DADFAE /* Main.storyboard in Resources */,
			);
			runOnlyForDeploymentPostprocessing = 0;
		};
/* End PBXResourcesBuildPhase section */

/* Begin PBXShellScriptBuildPhase section */
		35F1B90EAFDAED006F4AADB7 /* [CP] Check Pods Manifest.lock */ = {
			isa = PBXShellScriptBuildPhase;
			buildActionMask = 2147483647;
			files = (
			);
			inputFileListPaths = (
			);
			inputPaths = (
				"${PODS_PODFILE_DIR_PATH}/Podfile.lock",
				"${PODS_ROOT}/Manifest.lock",
			);
			name = "[CP] Check Pods Manifest.lock";
			outputFileListPaths = (
			);
			outputPaths = (
				"$(DERIVED_FILE_DIR)/Pods-MyXWorkout-checkManifestLockResult.txt",
			);
			runOnlyForDeploymentPostprocessing = 0;
			shellPath = /bin/sh;
			shellScript = "diff \"${PODS_PODFILE_DIR_PATH}/Podfile.lock\" \"${PODS_ROOT}/Manifest.lock\" > /dev/null\nif [ $? != 0 ] ; then\n    # print error to STDERR\n    echo \"error: The sandbox is not in sync with the Podfile.lock. Run 'pod install' or update your CocoaPods installation.\" >&2\n    exit 1\nfi\n# This output is used by Xcode 'outputs' to avoid re-running this script phase.\necho \"SUCCESS\" > \"${SCRIPT_OUTPUT_FILE_0}\"\n";
			showEnvVarsInLog = 0;
		};
		822ACE45C3465F2986E8AB6C /* [CP] Embed Pods Frameworks */ = {
			isa = PBXShellScriptBuildPhase;
			buildActionMask = 2147483647;
			files = (
			);
			inputFileListPaths = (
				"${PODS_ROOT}/Target Support Files/Pods-MyXWorkout/Pods-MyXWorkout-frameworks-${CONFIGURATION}-input-files.xcfilelist",
			);
			name = "[CP] Embed Pods Frameworks";
			outputFileListPaths = (
				"${PODS_ROOT}/Target Support Files/Pods-MyXWorkout/Pods-MyXWorkout-frameworks-${CONFIGURATION}-output-files.xcfilelist",
			);
			runOnlyForDeploymentPostprocessing = 0;
			shellPath = /bin/sh;
			shellScript = "\"${PODS_ROOT}/Target Support Files/Pods-MyXWorkout/Pods-MyXWorkout-frameworks.sh\"\n";
			showEnvVarsInLog = 0;
		};
/* End PBXShellScriptBuildPhase section */

/* Begin PBXSourcesBuildPhase section */
		52DC2E57289E2AE200DADFAE /* Sources */ = {
			isa = PBXSourcesBuildPhase;
			buildActionMask = 2147483647;
			files = (
				52DC2E76289E2B9E00DADFAE /* MainVC.swift in Sources */,
				52DC2EA328A00E3D00DADFAE /* RepsOrTimerView.swift in Sources */,
				52DC2E9828A0039600DADFAE /* ProfilVC.swift in Sources */,
				52DC2EA128A00E1700DADFAE /* DateAndRepeatView.swift in Sources */,
				52DC2E8D289FC3C000DADFAE /* CalendarCVC.swift in Sources */,
				52DC2EAA28A1167300DADFAE /* RealmManager.swift in Sources */,
				52DC2E80289F9A0300DADFAE /* Ext + UIFont.swift in Sources */,
				52DC2E88289FBE8C00DADFAE /* Ext + UIStackView.swift in Sources */,
				52DC2E94289FCEF400DADFAE /* StatisticTVC.swift in Sources */,
				52DC2E7E289EBA5400DADFAE /* CalendarView.swift in Sources */,
				52DC2E9E28A00CDD00DADFAE /* NewWorkoutVC.swift in Sources */,
				52DC2E5F289E2AE200DADFAE /* AppDelegate.swift in Sources */,
				52DC2E86289FBE5A00DADFAE /* Ext + UIView.swift in Sources */,
				52DC2EAC28A1271500DADFAE /* Ext + Date.swift in Sources */,
				52DC2E82289F9DC500DADFAE /* WeatherView.swift in Sources */,
				52DC2E9628A0033F00DADFAE /* MainTabBarController.swift in Sources */,
				52DC2E91289FCDBE00DADFAE /* StatisticVC.swift in Sources */,
				52DC2E61289E2AE200DADFAE /* SceneDelegate.swift in Sources */,
				52DC2E9C28A005AC00DADFAE /* ProfileCVC.swift in Sources */,
				52DC2EA728A114AD00DADFAE /* WorkoutModel.swift in Sources */,
				52DC2E84289FBE2E00DADFAE /* Ext + UIColor.swift in Sources */,
				52DC2EA528A015DB00DADFAE /* ViewController.swift in Sources */,
				52DC2E8A289FBEB100DADFAE /* Ext + UILabel.swift in Sources */,
				52DC2E8F289FC8A400DADFAE /* WorkoutTVC.swift in Sources */,
			);
			runOnlyForDeploymentPostprocessing = 0;
		};
/* End PBXSourcesBuildPhase section */

/* Begin PBXVariantGroup section */
		52DC2E64289E2AE200DADFAE /* Main.storyboard */ = {
			isa = PBXVariantGroup;
			children = (
				52DC2E65289E2AE200DADFAE /* Base */,
			);
			name = Main.storyboard;
			sourceTree = "<group>";
		};
		52DC2E69289E2AE300DADFAE /* LaunchScreen.storyboard */ = {
			isa = PBXVariantGroup;
			children = (
				52DC2E6A289E2AE300DADFAE /* Base */,
			);
			name = LaunchScreen.storyboard;
			sourceTree = "<group>";
		};
/* End PBXVariantGroup section */

/* Begin XCBuildConfiguration section */
		52DC2E6D289E2AE400DADFAE /* Debug */ = {
			isa = XCBuildConfiguration;
			buildSettings = {
				ALWAYS_SEARCH_USER_PATHS = NO;
				CLANG_ANALYZER_NONNULL = YES;
				CLANG_ANALYZER_NUMBER_OBJECT_CONVERSION = YES_AGGRESSIVE;
				CLANG_CXX_LANGUAGE_STANDARD = "gnu++17";
				CLANG_CXX_LIBRARY = "libc++";
				CLANG_ENABLE_MODULES = YES;
				CLANG_ENABLE_OBJC_ARC = YES;
				CLANG_ENABLE_OBJC_WEAK = YES;
				CLANG_WARN_BLOCK_CAPTURE_AUTORELEASING = YES;
				CLANG_WARN_BOOL_CONVERSION = YES;
				CLANG_WARN_COMMA = YES;
				CLANG_WARN_CONSTANT_CONVERSION = YES;
				CLANG_WARN_DEPRECATED_OBJC_IMPLEMENTATIONS = YES;
				CLANG_WARN_DIRECT_OBJC_ISA_USAGE = YES_ERROR;
				CLANG_WARN_DOCUMENTATION_COMMENTS = YES;
				CLANG_WARN_EMPTY_BODY = YES;
				CLANG_WARN_ENUM_CONVERSION = YES;
				CLANG_WARN_INFINITE_RECURSION = YES;
				CLANG_WARN_INT_CONVERSION = YES;
				CLANG_WARN_NON_LITERAL_NULL_CONVERSION = YES;
				CLANG_WARN_OBJC_IMPLICIT_RETAIN_SELF = YES;
				CLANG_WARN_OBJC_LITERAL_CONVERSION = YES;
				CLANG_WARN_OBJC_ROOT_CLASS = YES_ERROR;
				CLANG_WARN_QUOTED_INCLUDE_IN_FRAMEWORK_HEADER = YES;
				CLANG_WARN_RANGE_LOOP_ANALYSIS = YES;
				CLANG_WARN_STRICT_PROTOTYPES = YES;
				CLANG_WARN_SUSPICIOUS_MOVE = YES;
				CLANG_WARN_UNGUARDED_AVAILABILITY = YES_AGGRESSIVE;
				CLANG_WARN_UNREACHABLE_CODE = YES;
				CLANG_WARN__DUPLICATE_METHOD_MATCH = YES;
				COPY_PHASE_STRIP = NO;
				DEBUG_INFORMATION_FORMAT = dwarf;
				ENABLE_STRICT_OBJC_MSGSEND = YES;
				ENABLE_TESTABILITY = YES;
				GCC_C_LANGUAGE_STANDARD = gnu11;
				GCC_DYNAMIC_NO_PIC = NO;
				GCC_NO_COMMON_BLOCKS = YES;
				GCC_OPTIMIZATION_LEVEL = 0;
				GCC_PREPROCESSOR_DEFINITIONS = (
					"DEBUG=1",
					"$(inherited)",
				);
				GCC_WARN_64_TO_32_BIT_CONVERSION = YES;
				GCC_WARN_ABOUT_RETURN_TYPE = YES_ERROR;
				GCC_WARN_UNDECLARED_SELECTOR = YES;
				GCC_WARN_UNINITIALIZED_AUTOS = YES_AGGRESSIVE;
				GCC_WARN_UNUSED_FUNCTION = YES;
				GCC_WARN_UNUSED_VARIABLE = YES;
				IPHONEOS_DEPLOYMENT_TARGET = 15.0;
				MTL_ENABLE_DEBUG_INFO = INCLUDE_SOURCE;
				MTL_FAST_MATH = YES;
				ONLY_ACTIVE_ARCH = YES;
				SDKROOT = iphoneos;
				SWIFT_ACTIVE_COMPILATION_CONDITIONS = DEBUG;
				SWIFT_OPTIMIZATION_LEVEL = "-Onone";
			};
			name = Debug;
		};
		52DC2E6E289E2AE400DADFAE /* Release */ = {
			isa = XCBuildConfiguration;
			buildSettings = {
				ALWAYS_SEARCH_USER_PATHS = NO;
				CLANG_ANALYZER_NONNULL = YES;
				CLANG_ANALYZER_NUMBER_OBJECT_CONVERSION = YES_AGGRESSIVE;
				CLANG_CXX_LANGUAGE_STANDARD = "gnu++17";
				CLANG_CXX_LIBRARY = "libc++";
				CLANG_ENABLE_MODULES = YES;
				CLANG_ENABLE_OBJC_ARC = YES;
				CLANG_ENABLE_OBJC_WEAK = YES;
				CLANG_WARN_BLOCK_CAPTURE_AUTORELEASING = YES;
				CLANG_WARN_BOOL_CONVERSION = YES;
				CLANG_WARN_COMMA = YES;
				CLANG_WARN_CONSTANT_CONVERSION = YES;
				CLANG_WARN_DEPRECATED_OBJC_IMPLEMENTATIONS = YES;
				CLANG_WARN_DIRECT_OBJC_ISA_USAGE = YES_ERROR;
				CLANG_WARN_DOCUMENTATION_COMMENTS = YES;
				CLANG_WARN_EMPTY_BODY = YES;
				CLANG_WARN_ENUM_CONVERSION = YES;
				CLANG_WARN_INFINITE_RECURSION = YES;
				CLANG_WARN_INT_CONVERSION = YES;
				CLANG_WARN_NON_LITERAL_NULL_CONVERSION = YES;
				CLANG_WARN_OBJC_IMPLICIT_RETAIN_SELF = YES;
				CLANG_WARN_OBJC_LITERAL_CONVERSION = YES;
				CLANG_WARN_OBJC_ROOT_CLASS = YES_ERROR;
				CLANG_WARN_QUOTED_INCLUDE_IN_FRAMEWORK_HEADER = YES;
				CLANG_WARN_RANGE_LOOP_ANALYSIS = YES;
				CLANG_WARN_STRICT_PROTOTYPES = YES;
				CLANG_WARN_SUSPICIOUS_MOVE = YES;
				CLANG_WARN_UNGUARDED_AVAILABILITY = YES_AGGRESSIVE;
				CLANG_WARN_UNREACHABLE_CODE = YES;
				CLANG_WARN__DUPLICATE_METHOD_MATCH = YES;
				COPY_PHASE_STRIP = NO;
				DEBUG_INFORMATION_FORMAT = "dwarf-with-dsym";
				ENABLE_NS_ASSERTIONS = NO;
				ENABLE_STRICT_OBJC_MSGSEND = YES;
				GCC_C_LANGUAGE_STANDARD = gnu11;
				GCC_NO_COMMON_BLOCKS = YES;
				GCC_WARN_64_TO_32_BIT_CONVERSION = YES;
				GCC_WARN_ABOUT_RETURN_TYPE = YES_ERROR;
				GCC_WARN_UNDECLARED_SELECTOR = YES;
				GCC_WARN_UNINITIALIZED_AUTOS = YES_AGGRESSIVE;
				GCC_WARN_UNUSED_FUNCTION = YES;
				GCC_WARN_UNUSED_VARIABLE = YES;
				IPHONEOS_DEPLOYMENT_TARGET = 15.0;
				MTL_ENABLE_DEBUG_INFO = NO;
				MTL_FAST_MATH = YES;
				SDKROOT = iphoneos;
				SWIFT_COMPILATION_MODE = wholemodule;
				SWIFT_OPTIMIZATION_LEVEL = "-O";
				VALIDATE_PRODUCT = YES;
			};
			name = Release;
		};
		52DC2E70289E2AE400DADFAE /* Debug */ = {
			isa = XCBuildConfiguration;
			baseConfigurationReference = 9E8FD0861317A8F6B5B276EE /* Pods-MyXWorkout.debug.xcconfig */;
			buildSettings = {
				ASSETCATALOG_COMPILER_APPICON_NAME = AppIcon;
				ASSETCATALOG_COMPILER_GLOBAL_ACCENT_COLOR_NAME = AccentColor;
				CODE_SIGN_STYLE = Automatic;
				CURRENT_PROJECT_VERSION = 1;
				DEVELOPMENT_TEAM = 553DP5SJ57;
				GENERATE_INFOPLIST_FILE = YES;
				INFOPLIST_FILE = MyXWorkout/Info.plist;
				INFOPLIST_KEY_UIApplicationSupportsIndirectInputEvents = YES;
				INFOPLIST_KEY_UILaunchStoryboardName = LaunchScreen;
				INFOPLIST_KEY_UIMainStoryboardFile = Main;
				INFOPLIST_KEY_UISupportedInterfaceOrientations_iPad = "UIInterfaceOrientationPortrait UIInterfaceOrientationPortraitUpsideDown UIInterfaceOrientationLandscapeLeft UIInterfaceOrientationLandscapeRight";
				INFOPLIST_KEY_UISupportedInterfaceOrientations_iPhone = "UIInterfaceOrientationPortrait UIInterfaceOrientationLandscapeLeft UIInterfaceOrientationLandscapeRight";
				IPHONEOS_DEPLOYMENT_TARGET = 15.0;
				LD_RUNPATH_SEARCH_PATHS = (
					"$(inherited)",
					"@executable_path/Frameworks",
				);
				MARKETING_VERSION = 1.0;
				PRODUCT_BUNDLE_IDENTIFIER = ASaidaxmad.MyXWorkout;
				PRODUCT_NAME = "$(TARGET_NAME)";
				SWIFT_EMIT_LOC_STRINGS = YES;
				SWIFT_VERSION = 5.0;
				TARGETED_DEVICE_FAMILY = 1;
			};
			name = Debug;
		};
		52DC2E71289E2AE400DADFAE /* Release */ = {
			isa = XCBuildConfiguration;
			baseConfigurationReference = 543FEBFF3FB2087CB5F31442 /* Pods-MyXWorkout.release.xcconfig */;
			buildSettings = {
				ASSETCATALOG_COMPILER_APPICON_NAME = AppIcon;
				ASSETCATALOG_COMPILER_GLOBAL_ACCENT_COLOR_NAME = AccentColor;
				CODE_SIGN_STYLE = Automatic;
				CURRENT_PROJECT_VERSION = 1;
				DEVELOPMENT_TEAM = 553DP5SJ57;
				GENERATE_INFOPLIST_FILE = YES;
				INFOPLIST_FILE = MyXWorkout/Info.plist;
				INFOPLIST_KEY_UIApplicationSupportsIndirectInputEvents = YES;
				INFOPLIST_KEY_UILaunchStoryboardName = LaunchScreen;
				INFOPLIST_KEY_UIMainStoryboardFile = Main;
				INFOPLIST_KEY_UISupportedInterfaceOrientations_iPad = "UIInterfaceOrientationPortrait UIInterfaceOrientationPortraitUpsideDown UIInterfaceOrientationLandscapeLeft UIInterfaceOrientationLandscapeRight";
				INFOPLIST_KEY_UISupportedInterfaceOrientations_iPhone = "UIInterfaceOrientationPortrait UIInterfaceOrientationLandscapeLeft UIInterfaceOrientationLandscapeRight";
				IPHONEOS_DEPLOYMENT_TARGET = 15.0;
				LD_RUNPATH_SEARCH_PATHS = (
					"$(inherited)",
					"@executable_path/Frameworks",
				);
				MARKETING_VERSION = 1.0;
				PRODUCT_BUNDLE_IDENTIFIER = ASaidaxmad.MyXWorkout;
				PRODUCT_NAME = "$(TARGET_NAME)";
				SWIFT_EMIT_LOC_STRINGS = YES;
				SWIFT_VERSION = 5.0;
				TARGETED_DEVICE_FAMILY = 1;
			};
			name = Release;
		};
/* End XCBuildConfiguration section */

/* Begin XCConfigurationList section */
		52DC2E56289E2AE100DADFAE /* Build configuration list for PBXProject "MyXWorkout" */ = {
			isa = XCConfigurationList;
			buildConfigurations = (
				52DC2E6D289E2AE400DADFAE /* Debug */,
				52DC2E6E289E2AE400DADFAE /* Release */,
			);
			defaultConfigurationIsVisible = 0;
			defaultConfigurationName = Release;
		};
		52DC2E6F289E2AE400DADFAE /* Build configuration list for PBXNativeTarget "MyXWorkout" */ = {
			isa = XCConfigurationList;
			buildConfigurations = (
				52DC2E70289E2AE400DADFAE /* Debug */,
				52DC2E71289E2AE400DADFAE /* Release */,
			);
			defaultConfigurationIsVisible = 0;
			defaultConfigurationName = Release;
		};
/* End XCConfigurationList section */
	};
	rootObject = 52DC2E53289E2AE100DADFAE /* Project object */;
}
